
Microsoft Visual Studio Solution File, Format Version 12.00
# Visual Studio Version 16
VisualStudioVersion = 16.0.30104.148
MinimumVisualStudioVersion = 10.0.40219.1
Project("{FAE04EC0-301F-11D3-BF4B-00C04F79EFBC}") = "Application.WebAPI", "Application.WebAPI\Application.WebAPI.csproj", "{4480698D-BF0E-48D2-B3D8-9F5EB3476E4B}"
EndProject
Project("{FAE04EC0-301F-11D3-BF4B-00C04F79EFBC}") = "Application.Contracts", "Application.Contracts\Application.Contracts.csproj", "{68C66667-DE87-4572-9AE6-5C1161357F9C}"
EndProject
Project("{FAE04EC0-301F-11D3-BF4B-00C04F79EFBC}") = "Application.Domain", "Application.Domain\Application.Domain.csproj", "{9A99F862-7722-40AF-B65C-4C0C4B45BE23}"
EndProject
Project("{FAE04EC0-301F-11D3-BF4B-00C04F79EFBC}") = "Application.Business", "Application.Business\Application.Business.csproj", "{63723179-89E4-4A40-B846-E2BB5DBD2818}"
EndProject
Project("{FAE04EC0-301F-11D3-BF4B-00C04F79EFBC}") = "Application.Repository", "Application.Repository\Application.Repository.csproj", "{42BB3F06-203B-4AAF-9C98-0BE54A9D26EA}"
EndProject
Project("{FAE04EC0-301F-11D3-BF4B-00C04F79EFBC}") = "Application.IoC", "Application.IoC\Application.IoC.csproj", "{5159221B-2E63-4711-BC6A-B57302EFE067}"
EndProject
Global
	GlobalSection(SolutionConfigurationPlatforms) = preSolution
		Debug|Any CPU = Debug|Any CPU
		Release|Any CPU = Release|Any CPU
	EndGlobalSection
	GlobalSection(ProjectConfigurationPlatforms) = postSolution
		{4480698D-BF0E-48D2-B3D8-9F5EB3476E4B}.Debug|Any CPU.ActiveCfg = Debug|Any CPU
		{4480698D-BF0E-48D2-B3D8-9F5EB3476E4B}.Debug|Any CPU.Build.0 = Debug|Any CPU
		{4480698D-BF0E-48D2-B3D8-9F5EB3476E4B}.Release|Any CPU.ActiveCfg = Release|Any CPU
		{4480698D-BF0E-48D2-B3D8-9F5EB3476E4B}.Release|Any CPU.Build.0 = Release|Any CPU
		{68C66667-DE87-4572-9AE6-5C1161357F9C}.Debug|Any CPU.ActiveCfg = Debug|Any CPU
		{68C66667-DE87-4572-9AE6-5C1161357F9C}.Debug|Any CPU.Build.0 = Debug|Any CPU
		{68C66667-DE87-4572-9AE6-5C1161357F9C}.Release|Any CPU.ActiveCfg = Release|Any CPU
		{68C66667-DE87-4572-9AE6-5C1161357F9C}.Release|Any CPU.Build.0 = Release|Any CPU
		{9A99F862-7722-40AF-B65C-4C0C4B45BE23}.Debug|Any CPU.ActiveCfg = Debug|Any CPU
		{9A99F862-7722-40AF-B65C-4C0C4B45BE23}.Debug|Any CPU.Build.0 = Debug|Any CPU
		{9A99F862-7722-40AF-B65C-4C0C4B45BE23}.Release|Any CPU.ActiveCfg = Release|Any CPU
		{9A99F862-7722-40AF-B65C-4C0C4B45BE23}.Release|Any CPU.Build.0 = Release|Any CPU
		{63723179-89E4-4A40-B846-E2BB5DBD2818}.Debug|Any CPU.ActiveCfg = Debug|Any CPU
		{63723179-89E4-4A40-B846-E2BB5DBD2818}.Debug|Any CPU.Build.0 = Debug|Any CPU
		{63723179-89E4-4A40-B846-E2BB5DBD2818}.Release|Any CPU.ActiveCfg = Release|Any CPU
		{63723179-89E4-4A40-B846-E2BB5DBD2818}.Release|Any CPU.Build.0 = Release|Any CPU
		{42BB3F06-203B-4AAF-9C98-0BE54A9D26EA}.Debug|Any CPU.ActiveCfg = Debug|Any CPU
		{42BB3F06-203B-4AAF-9C98-0BE54A9D26EA}.Debug|Any CPU.Build.0 = Debug|Any CPU
		{42BB3F06-203B-4AAF-9C98-0BE54A9D26EA}.Release|Any CPU.ActiveCfg = Release|Any CPU
		{42BB3F06-203B-4AAF-9C98-0BE54A9D26EA}.Release|Any CPU.Build.0 = Release|Any CPU
		{5159221B-2E63-4711-BC6A-B57302EFE067}.Debug|Any CPU.ActiveCfg = Debug|Any CPU
		{5159221B-2E63-4711-BC6A-B57302EFE067}.Debug|Any CPU.Build.0 = Debug|Any CPU
		{5159221B-2E63-4711-BC6A-B57302EFE067}.Release|Any CPU.ActiveCfg = Release|Any CPU
		{5159221B-2E63-4711-BC6A-B57302EFE067}.Release|Any CPU.Build.0 = Release|Any CPU
	EndGlobalSection
	GlobalSection(SolutionProperties) = preSolution
		HideSolutionNode = FALSE
	EndGlobalSection
	GlobalSection(ExtensibilityGlobals) = postSolution
		SolutionGuid = {C689887F-48DE-4C17-B672-614DFEA0A71A}
	EndGlobalSection
EndGlobal
